
Microsoft Visual Studio Solution File, Format Version 12.00
# Visual Studio 15
VisualStudioVersion = 15.0.28307.757
MinimumVisualStudioVersion = 10.0.40219.1
Project("{FAE04EC0-301F-11D3-BF4B-00C04F79EFBC}") = "AplicacionWeb1", "AplicacionWeb1\AplicacionWeb1.csproj", "{E81BA7E3-FE28-4F14-8921-9C88A399598C}"
EndProject
Global
	GlobalSection(SolutionConfigurationPlatforms) = preSolution
		Debug|Any CPU = Debug|Any CPU
		Release|Any CPU = Release|Any CPU
	EndGlobalSection
	GlobalSection(ProjectConfigurationPlatforms) = postSolution
		{E81BA7E3-FE28-4F14-8921-9C88A399598C}.Debug|Any CPU.ActiveCfg = Debug|Any CPU
		{E81BA7E3-FE28-4F14-8921-9C88A399598C}.Debug|Any CPU.Build.0 = Debug|Any CPU
		{E81BA7E3-FE28-4F14-8921-9C88A399598C}.Release|Any CPU.ActiveCfg = Release|Any CPU
		{E81BA7E3-FE28-4F14-8921-9C88A399598C}.Release|Any CPU.Build.0 = Release|Any CPU
	EndGlobalSection
	GlobalSection(SolutionProperties) = preSolution
		HideSolutionNode = FALSE
	EndGlobalSection
	GlobalSection(ExtensibilityGlobals) = postSolution
		SolutionGuid = {64D3BE15-53E2-4917-A6C2-AF080644A368}
	EndGlobalSection
EndGlobal
